
Microsoft Visual Studio Solution File, Format Version 12.00
# Visual Studio Version 17
VisualStudioVersion = 17.14.36119.2 d17.14
MinimumVisualStudioVersion = 10.0.40219.1
Project("{FAE04EC0-301F-11D3-BF4B-00C04F79EFBC}") = "Commandos", "Commandos.csproj", "{2439F4FC-7DFA-4EA3-BA19-0F95BA29972F}"
EndProject
Global
	GlobalSection(SolutionConfigurationPlatforms) = preSolution
		Debug|Any CPU = Debug|Any CPU
		Release|Any CPU = Release|Any CPU
	EndGlobalSection
	GlobalSection(ProjectConfigurationPlatforms) = postSolution
		{2439F4FC-7DFA-4EA3-BA19-0F95BA29972F}.Debug|Any CPU.ActiveCfg = Debug|Any CPU
		{2439F4FC-7DFA-4EA3-BA19-0F95BA29972F}.Debug|Any CPU.Build.0 = Debug|Any CPU
		{2439F4FC-7DFA-4EA3-BA19-0F95BA29972F}.Release|Any CPU.ActiveCfg = Release|Any CPU
		{2439F4FC-7DFA-4EA3-BA19-0F95BA29972F}.Release|Any CPU.Build.0 = Release|Any CPU
	EndGlobalSection
	GlobalSection(SolutionProperties) = preSolution
		HideSolutionNode = FALSE
	EndGlobalSection
	GlobalSection(ExtensibilityGlobals) = postSolution
		SolutionGuid = {14E74898-6A43-4E0F-BF3C-DDADF907D574}
	EndGlobalSection
EndGlobal
